// !$*UTF8*$!
{
	archiveVersion = 1;
	classes = {
	};
	objectVersion = 52;
	objects = {

/* Begin PBXBuildFile section */
		981E891D2492B94D001A2B1A /* 1.json in Resources */ = {isa = PBXBuildFile; fileRef = 981E89172492B94D001A2B1A /* 1.json */; };
		981E891F2492B94D001A2B1A /* greenplus.json in Resources */ = {isa = PBXBuildFile; fileRef = 981E89192492B94D001A2B1A /* greenplus.json */; };
		981E89202492B94D001A2B1A /* 0.json in Resources */ = {isa = PBXBuildFile; fileRef = 981E891A2492B94D001A2B1A /* 0.json */; };
		981E89212492B94D001A2B1A /* plus-one.json in Resources */ = {isa = PBXBuildFile; fileRef = 981E891B2492B94D001A2B1A /* plus-one.json */; };
		981E89242492B9BE001A2B1A /* Zero.swift in Sources */ = {isa = PBXBuildFile; fileRef = 981E89232492B9BE001A2B1A /* Zero.swift */; };
		981E89262492BBE0001A2B1A /* blackplus.json in Resources */ = {isa = PBXBuildFile; fileRef = 981E89252492BBDF001A2B1A /* blackplus.json */; };
		981E89282492BFC1001A2B1A /* One.swift in Sources */ = {isa = PBXBuildFile; fileRef = 981E89272492BFC1001A2B1A /* One.swift */; };
		985F57032491794C0087D44B /* Life.swift in Sources */ = {isa = PBXBuildFile; fileRef = 985F57022491794C0087D44B /* Life.swift */; };
		985F5706249182F10087D44B /* Lottie in Frameworks */ = {isa = PBXBuildFile; productRef = 985F5705249182F10087D44B /* Lottie */; };
		985F5740249184150087D44B /* Switch.json in Resources */ = {isa = PBXBuildFile; fileRef = 985F5708249184140087D44B /* Switch.json */; };
		985F5741249184150087D44B /* TwitterHeart.json in Resources */ = {isa = PBXBuildFile; fileRef = 985F5709249184140087D44B /* TwitterHeart.json */; };
		985F5742249184150087D44B /* 9squares-AlBoardman.json in Resources */ = {isa = PBXBuildFile; fileRef = 985F570A249184140087D44B /* 9squares-AlBoardman.json */; };
		985F5743249184150087D44B /* MotionCorpse-Jrcanest.json in Resources */ = {isa = PBXBuildFile; fileRef = 985F570B249184140087D44B /* MotionCorpse-Jrcanest.json */; };
		985F5744249184150087D44B /* TwitterHeartButton.json in Resources */ = {isa = PBXBuildFile; fileRef = 985F570C249184140087D44B /* TwitterHeartButton.json */; };
		985F5745249184150087D44B /* T.json in Resources */ = {isa = PBXBuildFile; fileRef = 985F570E249184140087D44B /* T.json */; };
		985F5746249184150087D44B /* A.json in Resources */ = {isa = PBXBuildFile; fileRef = 985F570F249184140087D44B /* A.json */; };
		985F5747249184150087D44B /* X.json in Resources */ = {isa = PBXBuildFile; fileRef = 985F5710249184140087D44B /* X.json */; };
		985F5748249184150087D44B /* BlinkingCursor.json in Resources */ = {isa = PBXBuildFile; fileRef = 985F5711249184140087D44B /* BlinkingCursor.json */; };
		985F5749249184150087D44B /* M.json in Resources */ = {isa = PBXBuildFile; fileRef = 985F5712249184140087D44B /* M.json */; };
		985F574A249184150087D44B /* L.json in Resources */ = {isa = PBXBuildFile; fileRef = 985F5713249184140087D44B /* L.json */; };
		985F574B249184150087D44B /* Y.json in Resources */ = {isa = PBXBuildFile; fileRef = 985F5714249184140087D44B /* Y.json */; };
		985F574C249184150087D44B /* U.json in Resources */ = {isa = PBXBuildFile; fileRef = 985F5715249184140087D44B /* U.json */; };
		985F574D249184150087D44B /* K.json in Resources */ = {isa = PBXBuildFile; fileRef = 985F5716249184140087D44B /* K.json */; };
		985F574E249184150087D44B /* R.json in Resources */ = {isa = PBXBuildFile; fileRef = 985F5717249184140087D44B /* R.json */; };
		985F574F249184150087D44B /* G.json in Resources */ = {isa = PBXBuildFile; fileRef = 985F5718249184140087D44B /* G.json */; };
		985F5750249184150087D44B /* F.json in Resources */ = {isa = PBXBuildFile; fileRef = 985F5719249184140087D44B /* F.json */; };
		985F5751249184150087D44B /* S.json in Resources */ = {isa = PBXBuildFile; fileRef = 985F571A249184140087D44B /* S.json */; };
		985F5752249184150087D44B /* J.json in Resources */ = {isa = PBXBuildFile; fileRef = 985F571B249184140087D44B /* J.json */; };
		985F5753249184150087D44B /* I.json in Resources */ = {isa = PBXBuildFile; fileRef = 985F571C249184140087D44B /* I.json */; };
		985F5754249184150087D44B /* E.json in Resources */ = {isa = PBXBuildFile; fileRef = 985F571D249184140087D44B /* E.json */; };
		985F5755249184150087D44B /* Apostrophe.json in Resources */ = {isa = PBXBuildFile; fileRef = 985F571E249184140087D44B /* Apostrophe.json */; };
		985F5756249184150087D44B /* P.json in Resources */ = {isa = PBXBuildFile; fileRef = 985F571F249184140087D44B /* P.json */; };
		985F5757249184150087D44B /* Q.json in Resources */ = {isa = PBXBuildFile; fileRef = 985F5720249184140087D44B /* Q.json */; };
		985F5758249184150087D44B /* D.json in Resources */ = {isa = PBXBuildFile; fileRef = 985F5721249184140087D44B /* D.json */; };
		985F5759249184150087D44B /* Colon.json in Resources */ = {isa = PBXBuildFile; fileRef = 985F5722249184140087D44B /* Colon.json */; };
		985F575A249184150087D44B /* H.json in Resources */ = {isa = PBXBuildFile; fileRef = 985F5723249184140087D44B /* H.json */; };
		985F575B249184150087D44B /* C.json in Resources */ = {isa = PBXBuildFile; fileRef = 985F5724249184140087D44B /* C.json */; };
		985F575C249184150087D44B /* V.json in Resources */ = {isa = PBXBuildFile; fileRef = 985F5725249184140087D44B /* V.json */; };
		985F575D249184150087D44B /* Comma.json in Resources */ = {isa = PBXBuildFile; fileRef = 985F5726249184140087D44B /* Comma.json */; };
		985F575E249184150087D44B /* O.json in Resources */ = {isa = PBXBuildFile; fileRef = 985F5727249184140087D44B /* O.json */; };
		985F575F249184150087D44B /* Z.json in Resources */ = {isa = PBXBuildFile; fileRef = 985F5728249184140087D44B /* Z.json */; };
		985F5760249184150087D44B /* N.json in Resources */ = {isa = PBXBuildFile; fileRef = 985F5729249184140087D44B /* N.json */; };
		985F5761249184150087D44B /* W.json in Resources */ = {isa = PBXBuildFile; fileRef = 985F572A249184140087D44B /* W.json */; };
		985F5762249184150087D44B /* B.json in Resources */ = {isa = PBXBuildFile; fileRef = 985F572B249184140087D44B /* B.json */; };
		985F5763249184150087D44B /* HamburgerArrow.json in Resources */ = {isa = PBXBuildFile; fileRef = 985F572C249184140087D44B /* HamburgerArrow.json */; };
		985F5764249184150087D44B /* vcTransition1.json in Resources */ = {isa = PBXBuildFile; fileRef = 985F572D249184140087D44B /* vcTransition1.json */; };
		985F5765249184150087D44B /* LottieLogo2.json in Resources */ = {isa = PBXBuildFile; fileRef = 985F572E249184140087D44B /* LottieLogo2.json */; };
		985F5766249184150087D44B /* Boat_Loader.json in Resources */ = {isa = PBXBuildFile; fileRef = 985F572F249184140087D44B /* Boat_Loader.json */; };
		985F5767249184150087D44B /* GeometryTransformTest.json in Resources */ = {isa = PBXBuildFile; fileRef = 985F5730249184140087D44B /* GeometryTransformTest.json */; };
		985F5768249184150087D44B /* Watermelon.json in Resources */ = {isa = PBXBuildFile; fileRef = 985F5731249184140087D44B /* Watermelon.json */; };
		985F5769249184150087D44B /* Keypath.json in Resources */ = {isa = PBXBuildFile; fileRef = 985F5732249184140087D44B /* Keypath.json */; };
		985F576A249184150087D44B /* IconTransitions.json in Resources */ = {isa = PBXBuildFile; fileRef = 985F5733249184140087D44B /* IconTransitions.json */; };
		985F576B249184150087D44B /* vcTransition2.json in Resources */ = {isa = PBXBuildFile; fileRef = 985F5734249184140087D44B /* vcTransition2.json */; };
		985F576C249184150087D44B /* LottieLogo1.json in Resources */ = {isa = PBXBuildFile; fileRef = 985F5735249184140087D44B /* LottieLogo1.json */; };
		985F576D249184150087D44B /* base64Test.json in Resources */ = {isa = PBXBuildFile; fileRef = 985F5736249184140087D44B /* base64Test.json */; };
		985F576E249184150087D44B /* Switch_States.json in Resources */ = {isa = PBXBuildFile; fileRef = 985F5737249184140087D44B /* Switch_States.json */; };
		985F576F249184150087D44B /* FirstText.json in Resources */ = {isa = PBXBuildFile; fileRef = 985F5738249184140087D44B /* FirstText.json */; };
		985F5770249184150087D44B /* setValueTest.json in Resources */ = {isa = PBXBuildFile; fileRef = 985F5739249184140087D44B /* setValueTest.json */; };
		985F5771249184150087D44B /* Zoom.json in Resources */ = {isa = PBXBuildFile; fileRef = 985F573A249184140087D44B /* Zoom.json */; };
		985F5772249184150087D44B /* keypathTest.json in Resources */ = {isa = PBXBuildFile; fileRef = 985F573B249184140087D44B /* keypathTest.json */; };
		985F5773249184150087D44B /* PinJump.json in Resources */ = {isa = PBXBuildFile; fileRef = 985F573C249184140087D44B /* PinJump.json */; };
		985F5774249184150087D44B /* DisableNodesTest.json in Resources */ = {isa = PBXBuildFile; fileRef = 985F573D249184140087D44B /* DisableNodesTest.json */; };
		985F5775249184150087D44B /* LottieLogo1_masked.json in Resources */ = {isa = PBXBuildFile; fileRef = 985F573E249184140087D44B /* LottieLogo1_masked.json */; };
		985F5776249184150087D44B /* timeremap.json in Resources */ = {isa = PBXBuildFile; fileRef = 985F573F249184140087D44B /* timeremap.json */; };
		985F5778249184AA0087D44B /* LottieView.swift in Sources */ = {isa = PBXBuildFile; fileRef = 985F5777249184AA0087D44B /* LottieView.swift */; };
		985F577A24918A7C0087D44B /* check.json in Resources */ = {isa = PBXBuildFile; fileRef = 985F577924918A7B0087D44B /* check.json */; };
		985F577C24918D3A0087D44B /* Heart.swift in Sources */ = {isa = PBXBuildFile; fileRef = 985F577B24918D3A0087D44B /* Heart.swift */; };
		985F577E24918DA80087D44B /* heart.json in Resources */ = {isa = PBXBuildFile; fileRef = 985F577D24918DA80087D44B /* heart.json */; };
		985F578024918E630087D44B /* sad.json in Resources */ = {isa = PBXBuildFile; fileRef = 985F577F24918E630087D44B /* sad.json */; };
		98A031E5248ED60900239274 /* .swiftlint.yml in Resources */ = {isa = PBXBuildFile; fileRef = 98A031E4248ED60900239274 /* .swiftlint.yml */; };
		FA33666724926B1A004D96DB /* TrainingPrevention.swift in Sources */ = {isa = PBXBuildFile; fileRef = FA33666624926B1A004D96DB /* TrainingPrevention.swift */; };
		FA33666924926B28004D96DB /* GonogoPrevention.swift in Sources */ = {isa = PBXBuildFile; fileRef = FA33666824926B28004D96DB /* GonogoPrevention.swift */; };
		FA33666B24926C29004D96DB /* Summary.swift in Sources */ = {isa = PBXBuildFile; fileRef = FA33666A24926C29004D96DB /* Summary.swift */; };
		FA33666D24926F74004D96DB /* Rejection.swift in Sources */ = {isa = PBXBuildFile; fileRef = FA33666C24926F74004D96DB /* Rejection.swift */; };
		FA3366702492A800004D96DB /* incorrect.json in Resources */ = {isa = PBXBuildFile; fileRef = FA33666E2492A800004D96DB /* incorrect.json */; };
		FA3366712492A800004D96DB /* correct.json in Resources */ = {isa = PBXBuildFile; fileRef = FA33666F2492A800004D96DB /* correct.json */; };
		FA3503AB2493BB6A00DD4207 /* happy.json in Resources */ = {isa = PBXBuildFile; fileRef = FA3503AA2493BB6A00DD4207 /* happy.json */; };
		FA360E76248E7B9300F77C7B /* AppDelegate.swift in Sources */ = {isa = PBXBuildFile; fileRef = FA360E75248E7B9300F77C7B /* AppDelegate.swift */; };
		FA360E78248E7B9300F77C7B /* SceneDelegate.swift in Sources */ = {isa = PBXBuildFile; fileRef = FA360E77248E7B9300F77C7B /* SceneDelegate.swift */; };
		FA360E7A248E7B9300F77C7B /* ContentView.swift in Sources */ = {isa = PBXBuildFile; fileRef = FA360E79248E7B9300F77C7B /* ContentView.swift */; };
		FA360E7C248E7B9500F77C7B /* Assets.xcassets in Resources */ = {isa = PBXBuildFile; fileRef = FA360E7B248E7B9500F77C7B /* Assets.xcassets */; };
		FA360E7F248E7B9500F77C7B /* Preview Assets.xcassets in Resources */ = {isa = PBXBuildFile; fileRef = FA360E7E248E7B9500F77C7B /* Preview Assets.xcassets */; };
		FA360E82248E7B9500F77C7B /* LaunchScreen.storyboard in Resources */ = {isa = PBXBuildFile; fileRef = FA360E80248E7B9500F77C7B /* LaunchScreen.storyboard */; };
		FA360E8D248E7B9600F77C7B /* CID_Gamified_TrainingTests.swift in Sources */ = {isa = PBXBuildFile; fileRef = FA360E8C248E7B9600F77C7B /* CID_Gamified_TrainingTests.swift */; };
		FA360E98248E7B9600F77C7B /* CID_Gamified_TrainingUITests.swift in Sources */ = {isa = PBXBuildFile; fileRef = FA360E97248E7B9600F77C7B /* CID_Gamified_TrainingUITests.swift */; };
		FA360EAE248E807000F77C7B /* Question.swift in Sources */ = {isa = PBXBuildFile; fileRef = FA360EAD248E807000F77C7B /* Question.swift */; };
		FA360EB0248E809200F77C7B /* Training.swift in Sources */ = {isa = PBXBuildFile; fileRef = FA360EAF248E809200F77C7B /* Training.swift */; };
		FA360EB8248ED74900F77C7B /* Gonogo.swift in Sources */ = {isa = PBXBuildFile; fileRef = FA360EB7248ED74900F77C7B /* Gonogo.swift */; };
		FAF40B122493F386006CF82A /* SummaryRow.swift in Sources */ = {isa = PBXBuildFile; fileRef = FAF40B112493F386006CF82A /* SummaryRow.swift */; };
		FAF40B142493F3B9006CF82A /* SummaryDetail.swift in Sources */ = {isa = PBXBuildFile; fileRef = FAF40B132493F3B9006CF82A /* SummaryDetail.swift */; };
		FAF40B162493F3CB006CF82A /* Answer.swift in Sources */ = {isa = PBXBuildFile; fileRef = FAF40B152493F3CB006CF82A /* Answer.swift */; };
/* End PBXBuildFile section */

/* Begin PBXContainerItemProxy section */
		FA360E89248E7B9600F77C7B /* PBXContainerItemProxy */ = {
			isa = PBXContainerItemProxy;
			containerPortal = FA360E6A248E7B9300F77C7B /* Project object */;
			proxyType = 1;
			remoteGlobalIDString = FA360E71248E7B9300F77C7B;
			remoteInfo = "CID Gamified Training";
		};
		FA360E94248E7B9600F77C7B /* PBXContainerItemProxy */ = {
			isa = PBXContainerItemProxy;
			containerPortal = FA360E6A248E7B9300F77C7B /* Project object */;
			proxyType = 1;
			remoteGlobalIDString = FA360E71248E7B9300F77C7B;
			remoteInfo = "CID Gamified Training";
		};
/* End PBXContainerItemProxy section */

/* Begin PBXFileReference section */
		981E89172492B94D001A2B1A /* 1.json */ = {isa = PBXFileReference; fileEncoding = 4; lastKnownFileType = text.json; path = 1.json; sourceTree = "<group>"; };
		981E89192492B94D001A2B1A /* greenplus.json */ = {isa = PBXFileReference; fileEncoding = 4; lastKnownFileType = text.json; path = greenplus.json; sourceTree = "<group>"; };
		981E891A2492B94D001A2B1A /* 0.json */ = {isa = PBXFileReference; fileEncoding = 4; lastKnownFileType = text.json; path = 0.json; sourceTree = "<group>"; };
		981E891B2492B94D001A2B1A /* plus-one.json */ = {isa = PBXFileReference; fileEncoding = 4; lastKnownFileType = text.json; path = "plus-one.json"; sourceTree = "<group>"; };
		981E89232492B9BE001A2B1A /* Zero.swift */ = {isa = PBXFileReference; lastKnownFileType = sourcecode.swift; path = Zero.swift; sourceTree = "<group>"; };
		981E89252492BBDF001A2B1A /* blackplus.json */ = {isa = PBXFileReference; fileEncoding = 4; lastKnownFileType = text.json; path = blackplus.json; sourceTree = "<group>"; };
		981E89272492BFC1001A2B1A /* One.swift */ = {isa = PBXFileReference; lastKnownFileType = sourcecode.swift; path = One.swift; sourceTree = "<group>"; };
		985F57022491794C0087D44B /* Life.swift */ = {isa = PBXFileReference; lastKnownFileType = sourcecode.swift; path = Life.swift; sourceTree = "<group>"; };
		985F5708249184140087D44B /* Switch.json */ = {isa = PBXFileReference; fileEncoding = 4; lastKnownFileType = text.json; path = Switch.json; sourceTree = "<group>"; };
		985F5709249184140087D44B /* TwitterHeart.json */ = {isa = PBXFileReference; fileEncoding = 4; lastKnownFileType = text.json; path = TwitterHeart.json; sourceTree = "<group>"; };
		985F570A249184140087D44B /* 9squares-AlBoardman.json */ = {isa = PBXFileReference; fileEncoding = 4; lastKnownFileType = text.json; path = "9squares-AlBoardman.json"; sourceTree = "<group>"; };
		985F570B249184140087D44B /* MotionCorpse-Jrcanest.json */ = {isa = PBXFileReference; fileEncoding = 4; lastKnownFileType = text.json; path = "MotionCorpse-Jrcanest.json"; sourceTree = "<group>"; };
		985F570C249184140087D44B /* TwitterHeartButton.json */ = {isa = PBXFileReference; fileEncoding = 4; lastKnownFileType = text.json; path = TwitterHeartButton.json; sourceTree = "<group>"; };
		985F570E249184140087D44B /* T.json */ = {isa = PBXFileReference; fileEncoding = 4; lastKnownFileType = text.json; path = T.json; sourceTree = "<group>"; };
		985F570F249184140087D44B /* A.json */ = {isa = PBXFileReference; fileEncoding = 4; lastKnownFileType = text.json; path = A.json; sourceTree = "<group>"; };
		985F5710249184140087D44B /* X.json */ = {isa = PBXFileReference; fileEncoding = 4; lastKnownFileType = text.json; path = X.json; sourceTree = "<group>"; };
		985F5711249184140087D44B /* BlinkingCursor.json */ = {isa = PBXFileReference; fileEncoding = 4; lastKnownFileType = text.json; path = BlinkingCursor.json; sourceTree = "<group>"; };
		985F5712249184140087D44B /* M.json */ = {isa = PBXFileReference; fileEncoding = 4; lastKnownFileType = text.json; path = M.json; sourceTree = "<group>"; };
		985F5713249184140087D44B /* L.json */ = {isa = PBXFileReference; fileEncoding = 4; lastKnownFileType = text.json; path = L.json; sourceTree = "<group>"; };
		985F5714249184140087D44B /* Y.json */ = {isa = PBXFileReference; fileEncoding = 4; lastKnownFileType = text.json; path = Y.json; sourceTree = "<group>"; };
		985F5715249184140087D44B /* U.json */ = {isa = PBXFileReference; fileEncoding = 4; lastKnownFileType = text.json; path = U.json; sourceTree = "<group>"; };
		985F5716249184140087D44B /* K.json */ = {isa = PBXFileReference; fileEncoding = 4; lastKnownFileType = text.json; path = K.json; sourceTree = "<group>"; };
		985F5717249184140087D44B /* R.json */ = {isa = PBXFileReference; fileEncoding = 4; lastKnownFileType = text.json; path = R.json; sourceTree = "<group>"; };
		985F5718249184140087D44B /* G.json */ = {isa = PBXFileReference; fileEncoding = 4; lastKnownFileType = text.json; path = G.json; sourceTree = "<group>"; };
		985F5719249184140087D44B /* F.json */ = {isa = PBXFileReference; fileEncoding = 4; lastKnownFileType = text.json; path = F.json; sourceTree = "<group>"; };
		985F571A249184140087D44B /* S.json */ = {isa = PBXFileReference; fileEncoding = 4; lastKnownFileType = text.json; path = S.json; sourceTree = "<group>"; };
		985F571B249184140087D44B /* J.json */ = {isa = PBXFileReference; fileEncoding = 4; lastKnownFileType = text.json; path = J.json; sourceTree = "<group>"; };
		985F571C249184140087D44B /* I.json */ = {isa = PBXFileReference; fileEncoding = 4; lastKnownFileType = text.json; path = I.json; sourceTree = "<group>"; };
		985F571D249184140087D44B /* E.json */ = {isa = PBXFileReference; fileEncoding = 4; lastKnownFileType = text.json; path = E.json; sourceTree = "<group>"; };
		985F571E249184140087D44B /* Apostrophe.json */ = {isa = PBXFileReference; fileEncoding = 4; lastKnownFileType = text.json; path = Apostrophe.json; sourceTree = "<group>"; };
		985F571F249184140087D44B /* P.json */ = {isa = PBXFileReference; fileEncoding = 4; lastKnownFileType = text.json; path = P.json; sourceTree = "<group>"; };
		985F5720249184140087D44B /* Q.json */ = {isa = PBXFileReference; fileEncoding = 4; lastKnownFileType = text.json; path = Q.json; sourceTree = "<group>"; };
		985F5721249184140087D44B /* D.json */ = {isa = PBXFileReference; fileEncoding = 4; lastKnownFileType = text.json; path = D.json; sourceTree = "<group>"; };
		985F5722249184140087D44B /* Colon.json */ = {isa = PBXFileReference; fileEncoding = 4; lastKnownFileType = text.json; path = Colon.json; sourceTree = "<group>"; };
		985F5723249184140087D44B /* H.json */ = {isa = PBXFileReference; fileEncoding = 4; lastKnownFileType = text.json; path = H.json; sourceTree = "<group>"; };
		985F5724249184140087D44B /* C.json */ = {isa = PBXFileReference; fileEncoding = 4; lastKnownFileType = text.json; path = C.json; sourceTree = "<group>"; };
		985F5725249184140087D44B /* V.json */ = {isa = PBXFileReference; fileEncoding = 4; lastKnownFileType = text.json; path = V.json; sourceTree = "<group>"; };
		985F5726249184140087D44B /* Comma.json */ = {isa = PBXFileReference; fileEncoding = 4; lastKnownFileType = text.json; path = Comma.json; sourceTree = "<group>"; };
		985F5727249184140087D44B /* O.json */ = {isa = PBXFileReference; fileEncoding = 4; lastKnownFileType = text.json; path = O.json; sourceTree = "<group>"; };
		985F5728249184140087D44B /* Z.json */ = {isa = PBXFileReference; fileEncoding = 4; lastKnownFileType = text.json; path = Z.json; sourceTree = "<group>"; };
		985F5729249184140087D44B /* N.json */ = {isa = PBXFileReference; fileEncoding = 4; lastKnownFileType = text.json; path = N.json; sourceTree = "<group>"; };
		985F572A249184140087D44B /* W.json */ = {isa = PBXFileReference; fileEncoding = 4; lastKnownFileType = text.json; path = W.json; sourceTree = "<group>"; };
		985F572B249184140087D44B /* B.json */ = {isa = PBXFileReference; fileEncoding = 4; lastKnownFileType = text.json; path = B.json; sourceTree = "<group>"; };
		985F572C249184140087D44B /* HamburgerArrow.json */ = {isa = PBXFileReference; fileEncoding = 4; lastKnownFileType = text.json; path = HamburgerArrow.json; sourceTree = "<group>"; };
		985F572D249184140087D44B /* vcTransition1.json */ = {isa = PBXFileReference; fileEncoding = 4; lastKnownFileType = text.json; path = vcTransition1.json; sourceTree = "<group>"; };
		985F572E249184140087D44B /* LottieLogo2.json */ = {isa = PBXFileReference; fileEncoding = 4; lastKnownFileType = text.json; path = LottieLogo2.json; sourceTree = "<group>"; };
		985F572F249184140087D44B /* Boat_Loader.json */ = {isa = PBXFileReference; fileEncoding = 4; lastKnownFileType = text.json; path = Boat_Loader.json; sourceTree = "<group>"; };
		985F5730249184140087D44B /* GeometryTransformTest.json */ = {isa = PBXFileReference; fileEncoding = 4; lastKnownFileType = text.json; path = GeometryTransformTest.json; sourceTree = "<group>"; };
		985F5731249184140087D44B /* Watermelon.json */ = {isa = PBXFileReference; fileEncoding = 4; lastKnownFileType = text.json; path = Watermelon.json; sourceTree = "<group>"; };
		985F5732249184140087D44B /* Keypath.json */ = {isa = PBXFileReference; fileEncoding = 4; lastKnownFileType = text.json; path = Keypath.json; sourceTree = "<group>"; };
		985F5733249184140087D44B /* IconTransitions.json */ = {isa = PBXFileReference; fileEncoding = 4; lastKnownFileType = text.json; path = IconTransitions.json; sourceTree = "<group>"; };
		985F5734249184140087D44B /* vcTransition2.json */ = {isa = PBXFileReference; fileEncoding = 4; lastKnownFileType = text.json; path = vcTransition2.json; sourceTree = "<group>"; };
		985F5735249184140087D44B /* LottieLogo1.json */ = {isa = PBXFileReference; fileEncoding = 4; lastKnownFileType = text.json; path = LottieLogo1.json; sourceTree = "<group>"; };
		985F5736249184140087D44B /* base64Test.json */ = {isa = PBXFileReference; fileEncoding = 4; lastKnownFileType = text.json; path = base64Test.json; sourceTree = "<group>"; };
		985F5737249184140087D44B /* Switch_States.json */ = {isa = PBXFileReference; fileEncoding = 4; lastKnownFileType = text.json; path = Switch_States.json; sourceTree = "<group>"; };
		985F5738249184140087D44B /* FirstText.json */ = {isa = PBXFileReference; fileEncoding = 4; lastKnownFileType = text.json; path = FirstText.json; sourceTree = "<group>"; };
		985F5739249184140087D44B /* setValueTest.json */ = {isa = PBXFileReference; fileEncoding = 4; lastKnownFileType = text.json; path = setValueTest.json; sourceTree = "<group>"; };
		985F573A249184140087D44B /* Zoom.json */ = {isa = PBXFileReference; fileEncoding = 4; lastKnownFileType = text.json; path = Zoom.json; sourceTree = "<group>"; };
		985F573B249184140087D44B /* keypathTest.json */ = {isa = PBXFileReference; fileEncoding = 4; lastKnownFileType = text.json; path = keypathTest.json; sourceTree = "<group>"; };
		985F573C249184140087D44B /* PinJump.json */ = {isa = PBXFileReference; fileEncoding = 4; lastKnownFileType = text.json; path = PinJump.json; sourceTree = "<group>"; };
		985F573D249184140087D44B /* DisableNodesTest.json */ = {isa = PBXFileReference; fileEncoding = 4; lastKnownFileType = text.json; path = DisableNodesTest.json; sourceTree = "<group>"; };
		985F573E249184140087D44B /* LottieLogo1_masked.json */ = {isa = PBXFileReference; fileEncoding = 4; lastKnownFileType = text.json; path = LottieLogo1_masked.json; sourceTree = "<group>"; };
		985F573F249184140087D44B /* timeremap.json */ = {isa = PBXFileReference; fileEncoding = 4; lastKnownFileType = text.json; path = timeremap.json; sourceTree = "<group>"; };
		985F5777249184AA0087D44B /* LottieView.swift */ = {isa = PBXFileReference; lastKnownFileType = sourcecode.swift; path = LottieView.swift; sourceTree = "<group>"; };
		985F577924918A7B0087D44B /* check.json */ = {isa = PBXFileReference; fileEncoding = 4; lastKnownFileType = text.json; path = check.json; sourceTree = "<group>"; };
		985F577B24918D3A0087D44B /* Heart.swift */ = {isa = PBXFileReference; lastKnownFileType = sourcecode.swift; path = Heart.swift; sourceTree = "<group>"; };
		985F577D24918DA80087D44B /* heart.json */ = {isa = PBXFileReference; fileEncoding = 4; lastKnownFileType = text.json; path = heart.json; sourceTree = "<group>"; };
		985F577F24918E630087D44B /* sad.json */ = {isa = PBXFileReference; fileEncoding = 4; lastKnownFileType = text.json; path = sad.json; sourceTree = "<group>"; };
		98A031E4248ED60900239274 /* .swiftlint.yml */ = {isa = PBXFileReference; lastKnownFileType = text.yaml; path = .swiftlint.yml; sourceTree = "<group>"; };
		FA33666624926B1A004D96DB /* TrainingPrevention.swift */ = {isa = PBXFileReference; lastKnownFileType = sourcecode.swift; path = TrainingPrevention.swift; sourceTree = "<group>"; };
		FA33666824926B28004D96DB /* GonogoPrevention.swift */ = {isa = PBXFileReference; lastKnownFileType = sourcecode.swift; path = GonogoPrevention.swift; sourceTree = "<group>"; };
		FA33666A24926C29004D96DB /* Summary.swift */ = {isa = PBXFileReference; lastKnownFileType = sourcecode.swift; path = Summary.swift; sourceTree = "<group>"; };
		FA33666C24926F74004D96DB /* Rejection.swift */ = {isa = PBXFileReference; lastKnownFileType = sourcecode.swift; path = Rejection.swift; sourceTree = "<group>"; };
		FA33666E2492A800004D96DB /* incorrect.json */ = {isa = PBXFileReference; fileEncoding = 4; lastKnownFileType = text.json; path = incorrect.json; sourceTree = "<group>"; };
		FA33666F2492A800004D96DB /* correct.json */ = {isa = PBXFileReference; fileEncoding = 4; lastKnownFileType = text.json; path = correct.json; sourceTree = "<group>"; };
		FA3503AA2493BB6A00DD4207 /* happy.json */ = {isa = PBXFileReference; fileEncoding = 4; lastKnownFileType = text.json; path = happy.json; sourceTree = "<group>"; };
		FA360E72248E7B9300F77C7B /* CID Gamified Training.app */ = {isa = PBXFileReference; explicitFileType = wrapper.application; includeInIndex = 0; path = "CID Gamified Training.app"; sourceTree = BUILT_PRODUCTS_DIR; };
		FA360E75248E7B9300F77C7B /* AppDelegate.swift */ = {isa = PBXFileReference; lastKnownFileType = sourcecode.swift; path = AppDelegate.swift; sourceTree = "<group>"; };
		FA360E77248E7B9300F77C7B /* SceneDelegate.swift */ = {isa = PBXFileReference; lastKnownFileType = sourcecode.swift; path = SceneDelegate.swift; sourceTree = "<group>"; };
		FA360E79248E7B9300F77C7B /* ContentView.swift */ = {isa = PBXFileReference; lastKnownFileType = sourcecode.swift; path = ContentView.swift; sourceTree = "<group>"; };
		FA360E7B248E7B9500F77C7B /* Assets.xcassets */ = {isa = PBXFileReference; lastKnownFileType = folder.assetcatalog; path = Assets.xcassets; sourceTree = "<group>"; };
		FA360E7E248E7B9500F77C7B /* Preview Assets.xcassets */ = {isa = PBXFileReference; lastKnownFileType = folder.assetcatalog; path = "Preview Assets.xcassets"; sourceTree = "<group>"; };
		FA360E81248E7B9500F77C7B /* Base */ = {isa = PBXFileReference; lastKnownFileType = file.storyboard; name = Base; path = Base.lproj/LaunchScreen.storyboard; sourceTree = "<group>"; };
		FA360E83248E7B9500F77C7B /* Info.plist */ = {isa = PBXFileReference; lastKnownFileType = text.plist.xml; path = Info.plist; sourceTree = "<group>"; };
		FA360E88248E7B9600F77C7B /* CID Gamified TrainingTests.xctest */ = {isa = PBXFileReference; explicitFileType = wrapper.cfbundle; includeInIndex = 0; path = "CID Gamified TrainingTests.xctest"; sourceTree = BUILT_PRODUCTS_DIR; };
		FA360E8C248E7B9600F77C7B /* CID_Gamified_TrainingTests.swift */ = {isa = PBXFileReference; lastKnownFileType = sourcecode.swift; path = CID_Gamified_TrainingTests.swift; sourceTree = "<group>"; };
		FA360E8E248E7B9600F77C7B /* Info.plist */ = {isa = PBXFileReference; lastKnownFileType = text.plist.xml; path = Info.plist; sourceTree = "<group>"; };
		FA360E93248E7B9600F77C7B /* CID Gamified TrainingUITests.xctest */ = {isa = PBXFileReference; explicitFileType = wrapper.cfbundle; includeInIndex = 0; path = "CID Gamified TrainingUITests.xctest"; sourceTree = BUILT_PRODUCTS_DIR; };
		FA360E97248E7B9600F77C7B /* CID_Gamified_TrainingUITests.swift */ = {isa = PBXFileReference; lastKnownFileType = sourcecode.swift; path = CID_Gamified_TrainingUITests.swift; sourceTree = "<group>"; };
		FA360E99248E7B9600F77C7B /* Info.plist */ = {isa = PBXFileReference; lastKnownFileType = text.plist.xml; path = Info.plist; sourceTree = "<group>"; };
		FA360EAD248E807000F77C7B /* Question.swift */ = {isa = PBXFileReference; lastKnownFileType = sourcecode.swift; path = Question.swift; sourceTree = "<group>"; };
		FA360EAF248E809200F77C7B /* Training.swift */ = {isa = PBXFileReference; lastKnownFileType = sourcecode.swift; path = Training.swift; sourceTree = "<group>"; };
		FA360EB7248ED74900F77C7B /* Gonogo.swift */ = {isa = PBXFileReference; lastKnownFileType = sourcecode.swift; path = Gonogo.swift; sourceTree = "<group>"; };
		FAF40B112493F386006CF82A /* SummaryRow.swift */ = {isa = PBXFileReference; lastKnownFileType = sourcecode.swift; path = SummaryRow.swift; sourceTree = "<group>"; };
		FAF40B132493F3B9006CF82A /* SummaryDetail.swift */ = {isa = PBXFileReference; lastKnownFileType = sourcecode.swift; path = SummaryDetail.swift; sourceTree = "<group>"; };
		FAF40B152493F3CB006CF82A /* Answer.swift */ = {isa = PBXFileReference; lastKnownFileType = sourcecode.swift; path = Answer.swift; sourceTree = "<group>"; };
/* End PBXFileReference section */

/* Begin PBXFrameworksBuildPhase section */
		FA360E6F248E7B9300F77C7B /* Frameworks */ = {
			isa = PBXFrameworksBuildPhase;
			buildActionMask = 2147483647;
			files = (
				985F5706249182F10087D44B /* Lottie in Frameworks */,
			);
			runOnlyForDeploymentPostprocessing = 0;
		};
		FA360E85248E7B9600F77C7B /* Frameworks */ = {
			isa = PBXFrameworksBuildPhase;
			buildActionMask = 2147483647;
			files = (
			);
			runOnlyForDeploymentPostprocessing = 0;
		};
		FA360E90248E7B9600F77C7B /* Frameworks */ = {
			isa = PBXFrameworksBuildPhase;
			buildActionMask = 2147483647;
			files = (
			);
			runOnlyForDeploymentPostprocessing = 0;
		};
/* End PBXFrameworksBuildPhase section */

/* Begin PBXGroup section */
		985F5707249184140087D44B /* TestAnimations */ = {
			isa = PBXGroup;
			children = (
				FA3503AA2493BB6A00DD4207 /* happy.json */,
				981E89252492BBDF001A2B1A /* blackplus.json */,
				981E891A2492B94D001A2B1A /* 0.json */,
				981E89172492B94D001A2B1A /* 1.json */,
				981E89192492B94D001A2B1A /* greenplus.json */,
				981E891B2492B94D001A2B1A /* plus-one.json */,
				FA33666F2492A800004D96DB /* correct.json */,
				FA33666E2492A800004D96DB /* incorrect.json */,
				985F577F24918E630087D44B /* sad.json */,
				985F577D24918DA80087D44B /* heart.json */,
				985F577924918A7B0087D44B /* check.json */,
				985F5708249184140087D44B /* Switch.json */,
				985F5709249184140087D44B /* TwitterHeart.json */,
				985F570A249184140087D44B /* 9squares-AlBoardman.json */,
				985F570B249184140087D44B /* MotionCorpse-Jrcanest.json */,
				985F570C249184140087D44B /* TwitterHeartButton.json */,
				985F570D249184140087D44B /* TypeFace */,
				985F572C249184140087D44B /* HamburgerArrow.json */,
				985F572D249184140087D44B /* vcTransition1.json */,
				985F572E249184140087D44B /* LottieLogo2.json */,
				985F572F249184140087D44B /* Boat_Loader.json */,
				985F5730249184140087D44B /* GeometryTransformTest.json */,
				985F5731249184140087D44B /* Watermelon.json */,
				985F5732249184140087D44B /* Keypath.json */,
				985F5733249184140087D44B /* IconTransitions.json */,
				985F5734249184140087D44B /* vcTransition2.json */,
				985F5735249184140087D44B /* LottieLogo1.json */,
				985F5736249184140087D44B /* base64Test.json */,
				985F5737249184140087D44B /* Switch_States.json */,
				985F5738249184140087D44B /* FirstText.json */,
				985F5739249184140087D44B /* setValueTest.json */,
				985F573A249184140087D44B /* Zoom.json */,
				985F573B249184140087D44B /* keypathTest.json */,
				985F573C249184140087D44B /* PinJump.json */,
				985F573D249184140087D44B /* DisableNodesTest.json */,
				985F573E249184140087D44B /* LottieLogo1_masked.json */,
				985F573F249184140087D44B /* timeremap.json */,
			);
			path = TestAnimations;
			sourceTree = "<group>";
		};
		985F570D249184140087D44B /* TypeFace */ = {
			isa = PBXGroup;
			children = (
				985F570E249184140087D44B /* T.json */,
				985F570F249184140087D44B /* A.json */,
				985F5710249184140087D44B /* X.json */,
				985F5711249184140087D44B /* BlinkingCursor.json */,
				985F5712249184140087D44B /* M.json */,
				985F5713249184140087D44B /* L.json */,
				985F5714249184140087D44B /* Y.json */,
				985F5715249184140087D44B /* U.json */,
				985F5716249184140087D44B /* K.json */,
				985F5717249184140087D44B /* R.json */,
				985F5718249184140087D44B /* G.json */,
				985F5719249184140087D44B /* F.json */,
				985F571A249184140087D44B /* S.json */,
				985F571B249184140087D44B /* J.json */,
				985F571C249184140087D44B /* I.json */,
				985F571D249184140087D44B /* E.json */,
				985F571E249184140087D44B /* Apostrophe.json */,
				985F571F249184140087D44B /* P.json */,
				985F5720249184140087D44B /* Q.json */,
				985F5721249184140087D44B /* D.json */,
				985F5722249184140087D44B /* Colon.json */,
				985F5723249184140087D44B /* H.json */,
				985F5724249184140087D44B /* C.json */,
				985F5725249184140087D44B /* V.json */,
				985F5726249184140087D44B /* Comma.json */,
				985F5727249184140087D44B /* O.json */,
				985F5728249184140087D44B /* Z.json */,
				985F5729249184140087D44B /* N.json */,
				985F572A249184140087D44B /* W.json */,
				985F572B249184140087D44B /* B.json */,
			);
			path = TypeFace;
			sourceTree = "<group>";
		};
		FA360E69248E7B9300F77C7B = {
			isa = PBXGroup;
			children = (
				98A031E4248ED60900239274 /* .swiftlint.yml */,
				FA360E74248E7B9300F77C7B /* CID Gamified Training */,
				FA360E8B248E7B9600F77C7B /* CID Gamified TrainingTests */,
				FA360E96248E7B9600F77C7B /* CID Gamified TrainingUITests */,
				FA360E73248E7B9300F77C7B /* Products */,
			);
			sourceTree = "<group>";
		};
		FA360E73248E7B9300F77C7B /* Products */ = {
			isa = PBXGroup;
			children = (
				FA360E72248E7B9300F77C7B /* CID Gamified Training.app */,
				FA360E88248E7B9600F77C7B /* CID Gamified TrainingTests.xctest */,
				FA360E93248E7B9600F77C7B /* CID Gamified TrainingUITests.xctest */,
			);
			name = Products;
			sourceTree = "<group>";
		};
		FA360E74248E7B9300F77C7B /* CID Gamified Training */ = {
			isa = PBXGroup;
			children = (
				FA360E75248E7B9300F77C7B /* AppDelegate.swift */,
				FA360E77248E7B9300F77C7B /* SceneDelegate.swift */,
				FA360E79248E7B9300F77C7B /* ContentView.swift */,
				FA360EAD248E807000F77C7B /* Question.swift */,
				FA360EAF248E809200F77C7B /* Training.swift */,
				FA33666624926B1A004D96DB /* TrainingPrevention.swift */,
				FA360EB7248ED74900F77C7B /* Gonogo.swift */,
				FA33666824926B28004D96DB /* GonogoPrevention.swift */,
				FA33666A24926C29004D96DB /* Summary.swift */,
				FA33666C24926F74004D96DB /* Rejection.swift */,
				985F5777249184AA0087D44B /* LottieView.swift */,
				981E89232492B9BE001A2B1A /* Zero.swift */,
				981E89272492BFC1001A2B1A /* One.swift */,
				985F57022491794C0087D44B /* Life.swift */,
				985F577B24918D3A0087D44B /* Heart.swift */,
				FA360E7B248E7B9500F77C7B /* Assets.xcassets */,
				FA360E80248E7B9500F77C7B /* LaunchScreen.storyboard */,
				FA360E83248E7B9500F77C7B /* Info.plist */,
				985F5707249184140087D44B /* TestAnimations */,
				FA360E7D248E7B9500F77C7B /* Preview Content */,
				FAF40B112493F386006CF82A /* SummaryRow.swift */,
				FAF40B132493F3B9006CF82A /* SummaryDetail.swift */,
				FAF40B152493F3CB006CF82A /* Answer.swift */,
			);
			path = "CID Gamified Training";
			sourceTree = "<group>";
		};
		FA360E7D248E7B9500F77C7B /* Preview Content */ = {
			isa = PBXGroup;
			children = (
				FA360E7E248E7B9500F77C7B /* Preview Assets.xcassets */,
			);
			path = "Preview Content";
			sourceTree = "<group>";
		};
		FA360E8B248E7B9600F77C7B /* CID Gamified TrainingTests */ = {
			isa = PBXGroup;
			children = (
				FA360E8C248E7B9600F77C7B /* CID_Gamified_TrainingTests.swift */,
				FA360E8E248E7B9600F77C7B /* Info.plist */,
			);
			path = "CID Gamified TrainingTests";
			sourceTree = "<group>";
		};
		FA360E96248E7B9600F77C7B /* CID Gamified TrainingUITests */ = {
			isa = PBXGroup;
			children = (
				FA360E97248E7B9600F77C7B /* CID_Gamified_TrainingUITests.swift */,
				FA360E99248E7B9600F77C7B /* Info.plist */,
			);
			path = "CID Gamified TrainingUITests";
			sourceTree = "<group>";
		};
/* End PBXGroup section */

/* Begin PBXNativeTarget section */
		FA360E71248E7B9300F77C7B /* CID Gamified Training */ = {
			isa = PBXNativeTarget;
			buildConfigurationList = FA360E9C248E7B9600F77C7B /* Build configuration list for PBXNativeTarget "CID Gamified Training" */;
			buildPhases = (
				FA360E6E248E7B9300F77C7B /* Sources */,
				FA360E6F248E7B9300F77C7B /* Frameworks */,
				FA360E70248E7B9300F77C7B /* Resources */,
			);
			buildRules = (
			);
			dependencies = (
			);
			name = "CID Gamified Training";
			packageProductDependencies = (
				985F5705249182F10087D44B /* Lottie */,
			);
			productName = "CID Gamified Training";
			productReference = FA360E72248E7B9300F77C7B /* CID Gamified Training.app */;
			productType = "com.apple.product-type.application";
		};
		FA360E87248E7B9600F77C7B /* CID Gamified TrainingTests */ = {
			isa = PBXNativeTarget;
			buildConfigurationList = FA360E9F248E7B9600F77C7B /* Build configuration list for PBXNativeTarget "CID Gamified TrainingTests" */;
			buildPhases = (
				FA360E84248E7B9600F77C7B /* Sources */,
				FA360E85248E7B9600F77C7B /* Frameworks */,
				FA360E86248E7B9600F77C7B /* Resources */,
			);
			buildRules = (
			);
			dependencies = (
				FA360E8A248E7B9600F77C7B /* PBXTargetDependency */,
			);
			name = "CID Gamified TrainingTests";
			productName = "CID Gamified TrainingTests";
			productReference = FA360E88248E7B9600F77C7B /* CID Gamified TrainingTests.xctest */;
			productType = "com.apple.product-type.bundle.unit-test";
		};
		FA360E92248E7B9600F77C7B /* CID Gamified TrainingUITests */ = {
			isa = PBXNativeTarget;
			buildConfigurationList = FA360EA2248E7B9600F77C7B /* Build configuration list for PBXNativeTarget "CID Gamified TrainingUITests" */;
			buildPhases = (
				FA360E8F248E7B9600F77C7B /* Sources */,
				FA360E90248E7B9600F77C7B /* Frameworks */,
				FA360E91248E7B9600F77C7B /* Resources */,
			);
			buildRules = (
			);
			dependencies = (
				FA360E95248E7B9600F77C7B /* PBXTargetDependency */,
			);
			name = "CID Gamified TrainingUITests";
			productName = "CID Gamified TrainingUITests";
			productReference = FA360E93248E7B9600F77C7B /* CID Gamified TrainingUITests.xctest */;
			productType = "com.apple.product-type.bundle.ui-testing";
		};
/* End PBXNativeTarget section */

/* Begin PBXProject section */
		FA360E6A248E7B9300F77C7B /* Project object */ = {
			isa = PBXProject;
			attributes = {
				LastSwiftUpdateCheck = 1150;
				LastUpgradeCheck = 1150;
				ORGANIZATIONNAME = Alex;
				TargetAttributes = {
					FA360E71248E7B9300F77C7B = {
						CreatedOnToolsVersion = 11.5;
					};
					FA360E87248E7B9600F77C7B = {
						CreatedOnToolsVersion = 11.5;
						TestTargetID = FA360E71248E7B9300F77C7B;
					};
					FA360E92248E7B9600F77C7B = {
						CreatedOnToolsVersion = 11.5;
						TestTargetID = FA360E71248E7B9300F77C7B;
					};
				};
			};
			buildConfigurationList = FA360E6D248E7B9300F77C7B /* Build configuration list for PBXProject "CID Gamified Training" */;
			compatibilityVersion = "Xcode 9.3";
			developmentRegion = en;
			hasScannedForEncodings = 0;
			knownRegions = (
				en,
				Base,
			);
			mainGroup = FA360E69248E7B9300F77C7B;
			packageReferences = (
				985F5704249182F10087D44B /* XCRemoteSwiftPackageReference "lottie-ios" */,
			);
			productRefGroup = FA360E73248E7B9300F77C7B /* Products */;
			projectDirPath = "";
			projectRoot = "";
			targets = (
				FA360E71248E7B9300F77C7B /* CID Gamified Training */,
				FA360E87248E7B9600F77C7B /* CID Gamified TrainingTests */,
				FA360E92248E7B9600F77C7B /* CID Gamified TrainingUITests */,
			);
		};
/* End PBXProject section */

/* Begin PBXResourcesBuildPhase section */
		FA360E70248E7B9300F77C7B /* Resources */ = {
			isa = PBXResourcesBuildPhase;
			buildActionMask = 2147483647;
			files = (
				981E891D2492B94D001A2B1A /* 1.json in Resources */,
				985F577A24918A7C0087D44B /* check.json in Resources */,
				FA3503AB2493BB6A00DD4207 /* happy.json in Resources */,
				981E89202492B94D001A2B1A /* 0.json in Resources */,
				985F5764249184150087D44B /* vcTransition1.json in Resources */,
				985F5762249184150087D44B /* B.json in Resources */,
				981E891F2492B94D001A2B1A /* greenplus.json in Resources */,
				985F575F249184150087D44B /* Z.json in Resources */,
				985F5774249184150087D44B /* DisableNodesTest.json in Resources */,
				985F5745249184150087D44B /* T.json in Resources */,
				985F5741249184150087D44B /* TwitterHeart.json in Resources */,
				985F5742249184150087D44B /* 9squares-AlBoardman.json in Resources */,
				985F5751249184150087D44B /* S.json in Resources */,
				985F5773249184150087D44B /* PinJump.json in Resources */,
				985F576F249184150087D44B /* FirstText.json in Resources */,
				985F5758249184150087D44B /* D.json in Resources */,
				985F574E249184150087D44B /* R.json in Resources */,
				985F5760249184150087D44B /* N.json in Resources */,
				985F574D249184150087D44B /* K.json in Resources */,
				985F5761249184150087D44B /* W.json in Resources */,
				985F5763249184150087D44B /* HamburgerArrow.json in Resources */,
				985F5771249184150087D44B /* Zoom.json in Resources */,
				985F574F249184150087D44B /* G.json in Resources */,
				FA3366702492A800004D96DB /* incorrect.json in Resources */,
				985F5753249184150087D44B /* I.json in Resources */,
				985F576C249184150087D44B /* LottieLogo1.json in Resources */,
				985F576E249184150087D44B /* Switch_States.json in Resources */,
				985F578024918E630087D44B /* sad.json in Resources */,
				985F5766249184150087D44B /* Boat_Loader.json in Resources */,
				985F576B249184150087D44B /* vcTransition2.json in Resources */,
				985F574C249184150087D44B /* U.json in Resources */,
				985F575E249184150087D44B /* O.json in Resources */,
				985F5769249184150087D44B /* Keypath.json in Resources */,
				985F5740249184150087D44B /* Switch.json in Resources */,
				985F576D249184150087D44B /* base64Test.json in Resources */,
				985F575C249184150087D44B /* V.json in Resources */,
				985F5754249184150087D44B /* E.json in Resources */,
				985F5743249184150087D44B /* MotionCorpse-Jrcanest.json in Resources */,
				985F5749249184150087D44B /* M.json in Resources */,
				98A031E5248ED60900239274 /* .swiftlint.yml in Resources */,
				985F574B249184150087D44B /* Y.json in Resources */,
				985F5757249184150087D44B /* Q.json in Resources */,
				FA3366712492A800004D96DB /* correct.json in Resources */,
				985F575B249184150087D44B /* C.json in Resources */,
				FA360E82248E7B9500F77C7B /* LaunchScreen.storyboard in Resources */,
				FA360E7F248E7B9500F77C7B /* Preview Assets.xcassets in Resources */,
				985F5772249184150087D44B /* keypathTest.json in Resources */,
				985F576A249184150087D44B /* IconTransitions.json in Resources */,
				985F5752249184150087D44B /* J.json in Resources */,
				985F5776249184150087D44B /* timeremap.json in Resources */,
				985F575A249184150087D44B /* H.json in Resources */,
				985F5755249184150087D44B /* Apostrophe.json in Resources */,
				FA360E7C248E7B9500F77C7B /* Assets.xcassets in Resources */,
				985F575D249184150087D44B /* Comma.json in Resources */,
				985F574A249184150087D44B /* L.json in Resources */,
				981E89262492BBE0001A2B1A /* blackplus.json in Resources */,
				985F5770249184150087D44B /* setValueTest.json in Resources */,
				985F5765249184150087D44B /* LottieLogo2.json in Resources */,
				985F5759249184150087D44B /* Colon.json in Resources */,
				981E89212492B94D001A2B1A /* plus-one.json in Resources */,
				985F577E24918DA80087D44B /* heart.json in Resources */,
				985F5748249184150087D44B /* BlinkingCursor.json in Resources */,
				985F5744249184150087D44B /* TwitterHeartButton.json in Resources */,
				985F5756249184150087D44B /* P.json in Resources */,
				985F5768249184150087D44B /* Watermelon.json in Resources */,
				985F5747249184150087D44B /* X.json in Resources */,
				985F5750249184150087D44B /* F.json in Resources */,
				985F5767249184150087D44B /* GeometryTransformTest.json in Resources */,
				985F5775249184150087D44B /* LottieLogo1_masked.json in Resources */,
				985F5746249184150087D44B /* A.json in Resources */,
			);
			runOnlyForDeploymentPostprocessing = 0;
		};
		FA360E86248E7B9600F77C7B /* Resources */ = {
			isa = PBXResourcesBuildPhase;
			buildActionMask = 2147483647;
			files = (
			);
			runOnlyForDeploymentPostprocessing = 0;
		};
		FA360E91248E7B9600F77C7B /* Resources */ = {
			isa = PBXResourcesBuildPhase;
			buildActionMask = 2147483647;
			files = (
			);
			runOnlyForDeploymentPostprocessing = 0;
		};
/* End PBXResourcesBuildPhase section */

/* Begin PBXSourcesBuildPhase section */
		FA360E6E248E7B9300F77C7B /* Sources */ = {
			isa = PBXSourcesBuildPhase;
			buildActionMask = 2147483647;
			files = (
				985F577C24918D3A0087D44B /* Heart.swift in Sources */,
				FAF40B122493F386006CF82A /* SummaryRow.swift in Sources */,
				FA360EB8248ED74900F77C7B /* Gonogo.swift in Sources */,
				FAF40B162493F3CB006CF82A /* Answer.swift in Sources */,
				985F57032491794C0087D44B /* Life.swift in Sources */,
				FAF40B142493F3B9006CF82A /* SummaryDetail.swift in Sources */,
				FA360E76248E7B9300F77C7B /* AppDelegate.swift in Sources */,
				FA360EAE248E807000F77C7B /* Question.swift in Sources */,
				FA360E78248E7B9300F77C7B /* SceneDelegate.swift in Sources */,
				FA33666924926B28004D96DB /* GonogoPrevention.swift in Sources */,
				981E89242492B9BE001A2B1A /* Zero.swift in Sources */,
				981E89282492BFC1001A2B1A /* One.swift in Sources */,
				FA360E7A248E7B9300F77C7B /* ContentView.swift in Sources */,
				FA33666724926B1A004D96DB /* TrainingPrevention.swift in Sources */,
				FA360EB0248E809200F77C7B /* Training.swift in Sources */,
				FA33666B24926C29004D96DB /* Summary.swift in Sources */,
				FA33666D24926F74004D96DB /* Rejection.swift in Sources */,
				985F5778249184AA0087D44B /* LottieView.swift in Sources */,
			);
			runOnlyForDeploymentPostprocessing = 0;
		};
		FA360E84248E7B9600F77C7B /* Sources */ = {
			isa = PBXSourcesBuildPhase;
			buildActionMask = 2147483647;
			files = (
				FA360E8D248E7B9600F77C7B /* CID_Gamified_TrainingTests.swift in Sources */,
			);
			runOnlyForDeploymentPostprocessing = 0;
		};
		FA360E8F248E7B9600F77C7B /* Sources */ = {
			isa = PBXSourcesBuildPhase;
			buildActionMask = 2147483647;
			files = (
				FA360E98248E7B9600F77C7B /* CID_Gamified_TrainingUITests.swift in Sources */,
			);
			runOnlyForDeploymentPostprocessing = 0;
		};
/* End PBXSourcesBuildPhase section */

/* Begin PBXTargetDependency section */
		FA360E8A248E7B9600F77C7B /* PBXTargetDependency */ = {
			isa = PBXTargetDependency;
			target = FA360E71248E7B9300F77C7B /* CID Gamified Training */;
			targetProxy = FA360E89248E7B9600F77C7B /* PBXContainerItemProxy */;
		};
		FA360E95248E7B9600F77C7B /* PBXTargetDependency */ = {
			isa = PBXTargetDependency;
			target = FA360E71248E7B9300F77C7B /* CID Gamified Training */;
			targetProxy = FA360E94248E7B9600F77C7B /* PBXContainerItemProxy */;
		};
/* End PBXTargetDependency section */

/* Begin PBXVariantGroup section */
		FA360E80248E7B9500F77C7B /* LaunchScreen.storyboard */ = {
			isa = PBXVariantGroup;
			children = (
				FA360E81248E7B9500F77C7B /* Base */,
			);
			name = LaunchScreen.storyboard;
			sourceTree = "<group>";
		};
/* End PBXVariantGroup section */

/* Begin XCBuildConfiguration section */
		FA360E9A248E7B9600F77C7B /* Debug */ = {
			isa = XCBuildConfiguration;
			buildSettings = {
				ALWAYS_SEARCH_USER_PATHS = NO;
				CLANG_ANALYZER_NONNULL = YES;
				CLANG_ANALYZER_NUMBER_OBJECT_CONVERSION = YES_AGGRESSIVE;
				CLANG_CXX_LANGUAGE_STANDARD = "gnu++14";
				CLANG_CXX_LIBRARY = "libc++";
				CLANG_ENABLE_MODULES = YES;
				CLANG_ENABLE_OBJC_ARC = YES;
				CLANG_ENABLE_OBJC_WEAK = YES;
				CLANG_WARN_BLOCK_CAPTURE_AUTORELEASING = YES;
				CLANG_WARN_BOOL_CONVERSION = YES;
				CLANG_WARN_COMMA = YES;
				CLANG_WARN_CONSTANT_CONVERSION = YES;
				CLANG_WARN_DEPRECATED_OBJC_IMPLEMENTATIONS = YES;
				CLANG_WARN_DIRECT_OBJC_ISA_USAGE = YES_ERROR;
				CLANG_WARN_DOCUMENTATION_COMMENTS = YES;
				CLANG_WARN_EMPTY_BODY = YES;
				CLANG_WARN_ENUM_CONVERSION = YES;
				CLANG_WARN_INFINITE_RECURSION = YES;
				CLANG_WARN_INT_CONVERSION = YES;
				CLANG_WARN_NON_LITERAL_NULL_CONVERSION = YES;
				CLANG_WARN_OBJC_IMPLICIT_RETAIN_SELF = YES;
				CLANG_WARN_OBJC_LITERAL_CONVERSION = YES;
				CLANG_WARN_OBJC_ROOT_CLASS = YES_ERROR;
				CLANG_WARN_RANGE_LOOP_ANALYSIS = YES;
				CLANG_WARN_STRICT_PROTOTYPES = YES;
				CLANG_WARN_SUSPICIOUS_MOVE = YES;
				CLANG_WARN_UNGUARDED_AVAILABILITY = YES_AGGRESSIVE;
				CLANG_WARN_UNREACHABLE_CODE = YES;
				CLANG_WARN__DUPLICATE_METHOD_MATCH = YES;
				COPY_PHASE_STRIP = NO;
				DEBUG_INFORMATION_FORMAT = dwarf;
				ENABLE_STRICT_OBJC_MSGSEND = YES;
				ENABLE_TESTABILITY = YES;
				GCC_C_LANGUAGE_STANDARD = gnu11;
				GCC_DYNAMIC_NO_PIC = NO;
				GCC_NO_COMMON_BLOCKS = YES;
				GCC_OPTIMIZATION_LEVEL = 0;
				GCC_PREPROCESSOR_DEFINITIONS = (
					"DEBUG=1",
					"$(inherited)",
				);
				GCC_WARN_64_TO_32_BIT_CONVERSION = YES;
				GCC_WARN_ABOUT_RETURN_TYPE = YES_ERROR;
				GCC_WARN_UNDECLARED_SELECTOR = YES;
				GCC_WARN_UNINITIALIZED_AUTOS = YES_AGGRESSIVE;
				GCC_WARN_UNUSED_FUNCTION = YES;
				GCC_WARN_UNUSED_VARIABLE = YES;
				IPHONEOS_DEPLOYMENT_TARGET = 13.5;
				MTL_ENABLE_DEBUG_INFO = INCLUDE_SOURCE;
				MTL_FAST_MATH = YES;
				ONLY_ACTIVE_ARCH = YES;
				SDKROOT = iphoneos;
				SWIFT_ACTIVE_COMPILATION_CONDITIONS = DEBUG;
				SWIFT_OPTIMIZATION_LEVEL = "-Onone";
			};
			name = Debug;
		};
		FA360E9B248E7B9600F77C7B /* Release */ = {
			isa = XCBuildConfiguration;
			buildSettings = {
				ALWAYS_SEARCH_USER_PATHS = NO;
				CLANG_ANALYZER_NONNULL = YES;
				CLANG_ANALYZER_NUMBER_OBJECT_CONVERSION = YES_AGGRESSIVE;
				CLANG_CXX_LANGUAGE_STANDARD = "gnu++14";
				CLANG_CXX_LIBRARY = "libc++";
				CLANG_ENABLE_MODULES = YES;
				CLANG_ENABLE_OBJC_ARC = YES;
				CLANG_ENABLE_OBJC_WEAK = YES;
				CLANG_WARN_BLOCK_CAPTURE_AUTORELEASING = YES;
				CLANG_WARN_BOOL_CONVERSION = YES;
				CLANG_WARN_COMMA = YES;
				CLANG_WARN_CONSTANT_CONVERSION = YES;
				CLANG_WARN_DEPRECATED_OBJC_IMPLEMENTATIONS = YES;
				CLANG_WARN_DIRECT_OBJC_ISA_USAGE = YES_ERROR;
				CLANG_WARN_DOCUMENTATION_COMMENTS = YES;
				CLANG_WARN_EMPTY_BODY = YES;
				CLANG_WARN_ENUM_CONVERSION = YES;
				CLANG_WARN_INFINITE_RECURSION = YES;
				CLANG_WARN_INT_CONVERSION = YES;
				CLANG_WARN_NON_LITERAL_NULL_CONVERSION = YES;
				CLANG_WARN_OBJC_IMPLICIT_RETAIN_SELF = YES;
				CLANG_WARN_OBJC_LITERAL_CONVERSION = YES;
				CLANG_WARN_OBJC_ROOT_CLASS = YES_ERROR;
				CLANG_WARN_RANGE_LOOP_ANALYSIS = YES;
				CLANG_WARN_STRICT_PROTOTYPES = YES;
				CLANG_WARN_SUSPICIOUS_MOVE = YES;
				CLANG_WARN_UNGUARDED_AVAILABILITY = YES_AGGRESSIVE;
				CLANG_WARN_UNREACHABLE_CODE = YES;
				CLANG_WARN__DUPLICATE_METHOD_MATCH = YES;
				COPY_PHASE_STRIP = NO;
				DEBUG_INFORMATION_FORMAT = "dwarf-with-dsym";
				ENABLE_NS_ASSERTIONS = NO;
				ENABLE_STRICT_OBJC_MSGSEND = YES;
				GCC_C_LANGUAGE_STANDARD = gnu11;
				GCC_NO_COMMON_BLOCKS = YES;
				GCC_WARN_64_TO_32_BIT_CONVERSION = YES;
				GCC_WARN_ABOUT_RETURN_TYPE = YES_ERROR;
				GCC_WARN_UNDECLARED_SELECTOR = YES;
				GCC_WARN_UNINITIALIZED_AUTOS = YES_AGGRESSIVE;
				GCC_WARN_UNUSED_FUNCTION = YES;
				GCC_WARN_UNUSED_VARIABLE = YES;
				IPHONEOS_DEPLOYMENT_TARGET = 13.5;
				MTL_ENABLE_DEBUG_INFO = NO;
				MTL_FAST_MATH = YES;
				SDKROOT = iphoneos;
				SWIFT_COMPILATION_MODE = wholemodule;
				SWIFT_OPTIMIZATION_LEVEL = "-O";
				VALIDATE_PRODUCT = YES;
			};
			name = Release;
		};
		FA360E9D248E7B9600F77C7B /* Debug */ = {
			isa = XCBuildConfiguration;
			buildSettings = {
				ASSETCATALOG_COMPILER_APPICON_NAME = AppIcon;
				CODE_SIGN_STYLE = Automatic;
				DEVELOPMENT_ASSET_PATHS = "\"CID Gamified Training/Preview Content\"";
				DEVELOPMENT_TEAM = NT6WD95XKF;
				ENABLE_PREVIEWS = YES;
				INFOPLIST_FILE = "CID Gamified Training/Info.plist";
				IPHONEOS_DEPLOYMENT_TARGET = 13.4;
				LD_RUNPATH_SEARCH_PATHS = (
					"$(inherited)",
					"@executable_path/Frameworks",
				);
				PRODUCT_BUNDLE_IDENTIFIER = "ARL.CID-Gamified-Training2";
				PRODUCT_NAME = "$(TARGET_NAME)";
				SWIFT_VERSION = 5.0;
				TARGETED_DEVICE_FAMILY = "1,2";
			};
			name = Debug;
		};
		FA360E9E248E7B9600F77C7B /* Release */ = {
			isa = XCBuildConfiguration;
			buildSettings = {
				ASSETCATALOG_COMPILER_APPICON_NAME = AppIcon;
				CODE_SIGN_STYLE = Automatic;
				DEVELOPMENT_ASSET_PATHS = "\"CID Gamified Training/Preview Content\"";
				DEVELOPMENT_TEAM = NT6WD95XKF;
				ENABLE_PREVIEWS = YES;
				INFOPLIST_FILE = "CID Gamified Training/Info.plist";
				IPHONEOS_DEPLOYMENT_TARGET = 13.4;
				LD_RUNPATH_SEARCH_PATHS = (
					"$(inherited)",
					"@executable_path/Frameworks",
				);
				PRODUCT_BUNDLE_IDENTIFIER = "ARL.CID-Gamified-Training2";
				PRODUCT_NAME = "$(TARGET_NAME)";
				SWIFT_VERSION = 5.0;
				TARGETED_DEVICE_FAMILY = "1,2";
			};
			name = Release;
		};
		FA360EA0248E7B9600F77C7B /* Debug */ = {
			isa = XCBuildConfiguration;
			buildSettings = {
				ALWAYS_EMBED_SWIFT_STANDARD_LIBRARIES = YES;
				BUNDLE_LOADER = "$(TEST_HOST)";
				"CODE_SIGN_IDENTITY[sdk=macosx*]" = "Apple Development";
				CODE_SIGN_STYLE = Automatic;
				DEVELOPMENT_TEAM = NT6WD95XKF;
				INFOPLIST_FILE = "CID Gamified TrainingTests/Info.plist";
				IPHONEOS_DEPLOYMENT_TARGET = 13.5;
				LD_RUNPATH_SEARCH_PATHS = (
					"$(inherited)",
					"@executable_path/Frameworks",
					"@loader_path/Frameworks",
				);
				PRODUCT_BUNDLE_IDENTIFIER = "ARL.CID-Gamified-TrainingTests";
				PRODUCT_NAME = "$(TARGET_NAME)";
				SWIFT_VERSION = 5.0;
				TARGETED_DEVICE_FAMILY = "1,2";
				TEST_HOST = "$(BUILT_PRODUCTS_DIR)/CID Gamified Training.app/CID Gamified Training";
			};
			name = Debug;
		};
		FA360EA1248E7B9600F77C7B /* Release */ = {
			isa = XCBuildConfiguration;
			buildSettings = {
				ALWAYS_EMBED_SWIFT_STANDARD_LIBRARIES = YES;
				BUNDLE_LOADER = "$(TEST_HOST)";
				"CODE_SIGN_IDENTITY[sdk=macosx*]" = "Apple Development";
				CODE_SIGN_STYLE = Automatic;
				DEVELOPMENT_TEAM = NT6WD95XKF;
				INFOPLIST_FILE = "CID Gamified TrainingTests/Info.plist";
				IPHONEOS_DEPLOYMENT_TARGET = 13.5;
				LD_RUNPATH_SEARCH_PATHS = (
					"$(inherited)",
					"@executable_path/Frameworks",
					"@loader_path/Frameworks",
				);
				PRODUCT_BUNDLE_IDENTIFIER = "ARL.CID-Gamified-TrainingTests";
				PRODUCT_NAME = "$(TARGET_NAME)";
				SWIFT_VERSION = 5.0;
				TARGETED_DEVICE_FAMILY = "1,2";
				TEST_HOST = "$(BUILT_PRODUCTS_DIR)/CID Gamified Training.app/CID Gamified Training";
			};
			name = Release;
		};
		FA360EA3248E7B9600F77C7B /* Debug */ = {
			isa = XCBuildConfiguration;
			buildSettings = {
				ALWAYS_EMBED_SWIFT_STANDARD_LIBRARIES = YES;
				"CODE_SIGN_IDENTITY[sdk=macosx*]" = "Apple Development";
				CODE_SIGN_STYLE = Automatic;
				DEVELOPMENT_TEAM = NT6WD95XKF;
				INFOPLIST_FILE = "CID Gamified TrainingUITests/Info.plist";
				LD_RUNPATH_SEARCH_PATHS = (
					"$(inherited)",
					"@executable_path/Frameworks",
					"@loader_path/Frameworks",
				);
				PRODUCT_BUNDLE_IDENTIFIER = "ARL.CID-Gamified-TrainingUITests";
				PRODUCT_NAME = "$(TARGET_NAME)";
				SWIFT_VERSION = 5.0;
				TARGETED_DEVICE_FAMILY = "1,2";
				TEST_TARGET_NAME = "CID Gamified Training";
			};
			name = Debug;
		};
		FA360EA4248E7B9600F77C7B /* Release */ = {
			isa = XCBuildConfiguration;
			buildSettings = {
				ALWAYS_EMBED_SWIFT_STANDARD_LIBRARIES = YES;
				"CODE_SIGN_IDENTITY[sdk=macosx*]" = "-";
				CODE_SIGN_STYLE = Automatic;
				DEVELOPMENT_TEAM = NT6WD95XKF;
				INFOPLIST_FILE = "CID Gamified TrainingUITests/Info.plist";
				LD_RUNPATH_SEARCH_PATHS = (
					"$(inherited)",
					"@executable_path/Frameworks",
					"@loader_path/Frameworks",
				);
				PRODUCT_BUNDLE_IDENTIFIER = "ARL.CID-Gamified-TrainingUITests";
				PRODUCT_NAME = "$(TARGET_NAME)";
				SWIFT_VERSION = 5.0;
				TARGETED_DEVICE_FAMILY = "1,2";
				TEST_TARGET_NAME = "CID Gamified Training";
			};
			name = Release;
		};
/* End XCBuildConfiguration section */

/* Begin XCConfigurationList section */
		FA360E6D248E7B9300F77C7B /* Build configuration list for PBXProject "CID Gamified Training" */ = {
			isa = XCConfigurationList;
			buildConfigurations = (
				FA360E9A248E7B9600F77C7B /* Debug */,
				FA360E9B248E7B9600F77C7B /* Release */,
			);
			defaultConfigurationIsVisible = 0;
			defaultConfigurationName = Release;
		};
		FA360E9C248E7B9600F77C7B /* Build configuration list for PBXNativeTarget "CID Gamified Training" */ = {
			isa = XCConfigurationList;
			buildConfigurations = (
				FA360E9D248E7B9600F77C7B /* Debug */,
				FA360E9E248E7B9600F77C7B /* Release */,
			);
			defaultConfigurationIsVisible = 0;
			defaultConfigurationName = Release;
		};
		FA360E9F248E7B9600F77C7B /* Build configuration list for PBXNativeTarget "CID Gamified TrainingTests" */ = {
			isa = XCConfigurationList;
			buildConfigurations = (
				FA360EA0248E7B9600F77C7B /* Debug */,
				FA360EA1248E7B9600F77C7B /* Release */,
			);
			defaultConfigurationIsVisible = 0;
			defaultConfigurationName = Release;
		};
		FA360EA2248E7B9600F77C7B /* Build configuration list for PBXNativeTarget "CID Gamified TrainingUITests" */ = {
			isa = XCConfigurationList;
			buildConfigurations = (
				FA360EA3248E7B9600F77C7B /* Debug */,
				FA360EA4248E7B9600F77C7B /* Release */,
			);
			defaultConfigurationIsVisible = 0;
			defaultConfigurationName = Release;
		};
/* End XCConfigurationList section */

/* Begin XCRemoteSwiftPackageReference section */
		985F5704249182F10087D44B /* XCRemoteSwiftPackageReference "lottie-ios" */ = {
			isa = XCRemoteSwiftPackageReference;
			repositoryURL = "https://github.com/airbnb/lottie-ios.git";
			requirement = {
				kind = upToNextMajorVersion;
				minimumVersion = 3.1.8;
			};
		};
/* End XCRemoteSwiftPackageReference section */

/* Begin XCSwiftPackageProductDependency section */
		985F5705249182F10087D44B /* Lottie */ = {
			isa = XCSwiftPackageProductDependency;
			package = 985F5704249182F10087D44B /* XCRemoteSwiftPackageReference "lottie-ios" */;
			productName = Lottie;
		};
/* End XCSwiftPackageProductDependency section */
	};
	rootObject = FA360E6A248E7B9300F77C7B /* Project object */;
}
